
Microsoft Visual Studio Solution File, Format Version 12.00
# Visual Studio Version 17
VisualStudioVersion = 17.11.35017.193
MinimumVisualStudioVersion = 10.0.40219.1
Project("{FAE04EC0-301F-11D3-BF4B-00C04F79EFBC}") = "MauiHybridApp", "MauiHybridApp\MauiHybridApp.csproj", "{A8E7022F-0EB2-4C01-A696-C677ED6CA9A5}"
EndProject
Global
	GlobalSection(SolutionConfigurationPlatforms) = preSolution
		Debug|Any CPU = Debug|Any CPU
		Release|Any CPU = Release|Any CPU
	EndGlobalSection
	GlobalSection(ProjectConfigurationPlatforms) = postSolution
		{A8E7022F-0EB2-4C01-A696-C677ED6CA9A5}.Debug|Any CPU.ActiveCfg = Debug|Any CPU
		{A8E7022F-0EB2-4C01-A696-C677ED6CA9A5}.Debug|Any CPU.Build.0 = Debug|Any CPU
		{A8E7022F-0EB2-4C01-A696-C677ED6CA9A5}.Debug|Any CPU.Deploy.0 = Debug|Any CPU
		{A8E7022F-0EB2-4C01-A696-C677ED6CA9A5}.Release|Any CPU.ActiveCfg = Release|Any CPU
		{A8E7022F-0EB2-4C01-A696-C677ED6CA9A5}.Release|Any CPU.Build.0 = Release|Any CPU
		{A8E7022F-0EB2-4C01-A696-C677ED6CA9A5}.Release|Any CPU.Deploy.0 = Release|Any CPU
	EndGlobalSection
	GlobalSection(SolutionProperties) = preSolution
		HideSolutionNode = FALSE
	EndGlobalSection
	GlobalSection(ExtensibilityGlobals) = postSolution
		SolutionGuid = {ADCC078F-9CB3-4CB5-AED9-FF257E30D963}
	EndGlobalSection
EndGlobal
